
Microsoft Visual Studio Solution File, Format Version 12.00
# Visual Studio 15
VisualStudioVersion = 15.0.27130.2024
MinimumVisualStudioVersion = 10.0.40219.1
Project("{FAE04EC0-301F-11D3-BF4B-00C04F79EFBC}") = "TestProject", "TestProject\TestProject.csproj", "{327D68E6-9548-4C90-9A8B-089A43B31FF5}"
EndProject
Project("{FAE04EC0-301F-11D3-BF4B-00C04F79EFBC}") = "SuffixTree", "SuffixTree\SuffixTree.csproj", "{9CB81450-139C-4AF1-9D38-B14C94D8DF97}"
EndProject
Project("{FAE04EC0-301F-11D3-BF4B-00C04F79EFBC}") = "SuffixTree.Tests", "SuffixTree.Tests\SuffixTree.Tests.csproj", "{29116241-634B-46B7-B3E6-92779852D9A8}"
EndProject
Global
	GlobalSection(SolutionConfigurationPlatforms) = preSolution
		Debug|Any CPU = Debug|Any CPU
		Release|Any CPU = Release|Any CPU
	EndGlobalSection
	GlobalSection(ProjectConfigurationPlatforms) = postSolution
		{327D68E6-9548-4C90-9A8B-089A43B31FF5}.Debug|Any CPU.ActiveCfg = Debug|Any CPU
		{327D68E6-9548-4C90-9A8B-089A43B31FF5}.Debug|Any CPU.Build.0 = Debug|Any CPU
		{327D68E6-9548-4C90-9A8B-089A43B31FF5}.Release|Any CPU.ActiveCfg = Release|Any CPU
		{327D68E6-9548-4C90-9A8B-089A43B31FF5}.Release|Any CPU.Build.0 = Release|Any CPU
		{9CB81450-139C-4AF1-9D38-B14C94D8DF97}.Debug|Any CPU.ActiveCfg = Debug|Any CPU
		{9CB81450-139C-4AF1-9D38-B14C94D8DF97}.Debug|Any CPU.Build.0 = Debug|Any CPU
		{9CB81450-139C-4AF1-9D38-B14C94D8DF97}.Release|Any CPU.ActiveCfg = Release|Any CPU
		{9CB81450-139C-4AF1-9D38-B14C94D8DF97}.Release|Any CPU.Build.0 = Release|Any CPU
		{29116241-634B-46B7-B3E6-92779852D9A8}.Debug|Any CPU.ActiveCfg = Debug|Any CPU
		{29116241-634B-46B7-B3E6-92779852D9A8}.Debug|Any CPU.Build.0 = Debug|Any CPU
		{29116241-634B-46B7-B3E6-92779852D9A8}.Release|Any CPU.ActiveCfg = Release|Any CPU
		{29116241-634B-46B7-B3E6-92779852D9A8}.Release|Any CPU.Build.0 = Release|Any CPU
	EndGlobalSection
	GlobalSection(SolutionProperties) = preSolution
		HideSolutionNode = FALSE
	EndGlobalSection
	GlobalSection(ExtensibilityGlobals) = postSolution
		SolutionGuid = {40AC9B00-F0F6-48AE-B285-FD62083D9C1A}
	EndGlobalSection
EndGlobal
